{
  "version": 4,
  "terraform_version": "1.5.4",
  "serial": 4,
  "lineage": "b8665173-51cf-ef03-fd68-acfc193dd6bb",
  "outputs": {},
  "resources": [
    {
      "mode": "managed",
      "type": "newrelic_synthetics_broken_links_monitor",
      "name": "monitor",
      "provider": "provider[\"registry.terraform.io/newrelic/newrelic\"]",
      "instances": [
        {
          "schema_version": 0,
          "attributes": {
            "account_id": 4038255,
            "guid": "NDAzODI1NXxTWU5USHxNT05JVE9SfDViMGY4ZTc4LTA0N2QtNDQwNi1iMjI1LWRhYTY1M2I2YWEyZg",
            "id": "NDAzODI1NXxTWU5USHxNT05JVE9SfDViMGY4ZTc4LTA0N2QtNDQwNi1iMjI1LWRhYTY1M2I2YWEyZg",
            "locations_private": null,
            "locations_public": [
              "AP_SOUTH_1"
            ],
            "name": "broken-links-monitor",
            "period": "EVERY_6_HOURS",
            "period_in_minutes": 360,
            "status": "ENABLED",
            "tag": [
              {
                "key": "some_key",
                "values": [
                  "some_value"
                ]
              }
            ],
            "uri": "https://www.thinkitlearntechnology.com"
          },
          "sensitive_attributes": [],
          "private": "bnVsbA=="
        }
      ]
    },
    {
      "mode": "managed",
      "type": "newrelic_synthetics_monitor",
      "name": "monitor",
      "provider": "provider[\"registry.terraform.io/newrelic/newrelic\"]",
      "instances": [
        {
          "schema_version": 0,
          "attributes": {
            "account_id": null,
            "bypass_head_request": true,
            "custom_header": [],
            "device_orientation": "",
            "device_type": "",
            "enable_screenshot_on_failure_and_script": null,
            "id": "NDAzODI1NXxTWU5USHxNT05JVE9SfDA3OTUyMDYwLTAzOTEtNGQ4ZS1hNWNjLTBmNGI1NGZkZGExMQ",
            "locations_private": null,
            "locations_public": [
              "AP_SOUTH_1"
            ],
            "name": "simple_monitor",
            "period": "EVERY_MINUTE",
            "period_in_minutes": 1,
            "runtime_type": null,
            "runtime_type_version": null,
            "script_language": null,
            "status": "ENABLED",
            "tag": [
              {
                "key": "some_key",
                "values": [
                  "some_value"
                ]
              }
            ],
            "treat_redirect_as_failure": true,
            "type": "SIMPLE",
            "uri": "https://www.thinkitlearntechnology.com/",
            "validation_string": "success",
            "verify_ssl": true
          },
          "sensitive_attributes": [],
          "private": "bnVsbA=="
        }
      ]
    },
    {
      "mode": "managed",
      "type": "newrelic_synthetics_step_monitor",
      "name": "monitor",
      "provider": "provider[\"registry.terraform.io/newrelic/newrelic\"]",
      "instances": [
        {
          "schema_version": 0,
          "attributes": {
            "account_id": 4038255,
            "enable_screenshot_on_failure_and_script": true,
            "guid": "NDAzODI1NXxTWU5USHxNT05JVE9SfDQ0OTFkY2IxLTc3ZjYtNDhhZC05Mjk0LWUxZTUxMGUxMGNhYQ",
            "id": "NDAzODI1NXxTWU5USHxNT05JVE9SfDQ0OTFkY2IxLTc3ZjYtNDhhZC05Mjk0LWUxZTUxMGUxMGNhYQ",
            "location_private": [],
            "locations_public": [
              "US_EAST_1",
              "US_EAST_2"
            ],
            "name": "step_monitor",
            "period": "EVERY_6_HOURS",
            "period_in_minutes": 360,
            "status": "ENABLED",
            "steps": [
              {
                "ordinal": 0,
                "type": "NAVIGATE",
                "values": [
                  "https://www.thinkitlearntechnology.com"
                ]
              }
            ],
            "tag": [
              {
                "key": "some_key",
                "values": [
                  "some_value"
                ]
              }
            ]
          },
          "sensitive_attributes": [],
          "private": "bnVsbA=="
        }
      ]
    }
  ],
  "check_results": null
}
