{
  "version": 4,
  "terraform_version": "1.5.4",
  "serial": 48,
  "lineage": "6b60bc79-aa26-ce15-58c5-badd69c9c529",
  "outputs": {},
  "resources": [
    {
      "mode": "managed",
      "type": "newrelic_alert_policy",
      "name": "my_policy",
      "provider": "provider[\"registry.terraform.io/newrelic/newrelic\"]",
      "instances": [
        {
          "schema_version": 0,
          "attributes": {
            "account_id": 4038255,
            "channel_ids": null,
            "id": "1232448",
            "incident_preference": "PER_POLICY",
            "name": "Saloni_policy"
          },
          "sensitive_attributes": [],
          "private": "bnVsbA=="
        }
      ]
    },
    {
      "mode": "managed",
      "type": "newrelic_notification_channel",
      "name": "my_channel",
      "provider": "provider[\"registry.terraform.io/newrelic/newrelic\"]",
      "instances": [
        {
          "schema_version": 0,
          "attributes": {
            "account_id": 4038255,
            "active": true,
            "destination_id": "4caa03a6-8d1b-4e0d-9844-28d876863cb2",
            "id": "db4c11ac-1941-4493-a4b6-d14752fdfb97",
            "name": "channel-saloni",
            "product": "IINT",
            "property": [
              {
                "display_value": "",
                "key": "payload",
                "label": "Payload Template",
                "value": "{}"
              },
              {
                "display_value": "",
                "key": "source",
                "label": "terraform-source-internal",
                "value": "terraform"
              }
            ],
            "status": "DEFAULT",
            "type": "EMAIL"
          },
          "sensitive_attributes": [],
          "private": "bnVsbA==",
          "dependencies": [
            "newrelic_notification_destination.my_destination"
          ]
        }
      ]
    },
    {
      "mode": "managed",
      "type": "newrelic_notification_destination",
      "name": "my_destination",
      "provider": "provider[\"registry.terraform.io/newrelic/newrelic\"]",
      "instances": [
        {
          "schema_version": 1,
          "attributes": {
            "account_id": 4038255,
            "active": true,
            "auth_basic": [
              {
                "password": "password",
                "user": "username"
              }
            ],
            "auth_token": [],
            "id": "4caa03a6-8d1b-4e0d-9844-28d876863cb2",
            "last_sent": "",
            "name": "destination_workflow",
            "property": [
              {
                "display_value": "",
                "key": "email",
                "label": "",
                "value": "salomilareer60@gmail.com"
              },
              {
                "display_value": "",
                "key": "source",
                "label": "terraform-source-internal",
                "value": "terraform"
              }
            ],
            "status": "DEFAULT",
            "type": "EMAIL"
          },
          "sensitive_attributes": [],
          "private": "eyJzY2hlbWFfdmVyc2lvbiI6IjEifQ=="
        }
      ]
    },
    {
      "mode": "managed",
      "type": "newrelic_workflow",
      "name": "my_workflow",
      "provider": "provider[\"registry.terraform.io/newrelic/newrelic\"]",
      "instances": [
        {
          "schema_version": 1,
          "attributes": {
            "account_id": 4038255,
            "destination": [
              {
                "channel_id": "db4c11ac-1941-4493-a4b6-d14752fdfb97",
                "name": "channel-saloni",
                "notification_triggers": [
                  "ACKNOWLEDGED",
                  "ACTIVATED",
                  "CLOSED"
                ],
                "type": "EMAIL"
              }
            ],
            "destinations_enabled": true,
            "enabled": true,
            "enrichments": [],
            "enrichments_enabled": true,
            "guid": "NDAzODI1NXxBSU9QU3xXT1JLRkxPV3w5ZTFhYzcyMy05ZTI3LTQ0YzktOGFjOC1iNmQ1M2ExODk2YjY",
            "id": "9e1ac723-9e27-44c9-8ac8-b6d53a1896b6",
            "issues_filter": [
              {
                "filter_id": "1cf79de0-0aa9-4df7-bf05-3d18ab24b912",
                "name": "filter-name",
                "predicate": [
                  {
                    "attribute": "accumulations.tag.team",
                    "operator": "EXACTLY_MATCHES",
                    "values": [
                      "growth"
                    ]
                  }
                ],
                "type": "FILTER"
              }
            ],
            "last_run": "",
            "muting_rules_handling": "NOTIFY_ALL_ISSUES",
            "name": "Saloni_workflow",
            "workflow_id": "9e1ac723-9e27-44c9-8ac8-b6d53a1896b6"
          },
          "sensitive_attributes": [],
          "private": "eyJzY2hlbWFfdmVyc2lvbiI6IjEifQ==",
          "dependencies": [
            "newrelic_notification_channel.my_channel",
            "newrelic_notification_destination.my_destination"
          ]
        }
      ]
    }
  ],
  "check_results": null
}
