{
  "version": 4,
  "terraform_version": "1.5.4",
  "serial": 3,
  "lineage": "7adb1a4e-63bb-58e0-bc28-585faf69d097",
  "outputs": {},
  "resources": [
    {
      "mode": "managed",
      "type": "newrelic_workload",
      "name": "Saloni-workload",
      "provider": "provider[\"registry.terraform.io/newrelic/newrelic\"]",
      "instances": [
        {
          "schema_version": 0,
          "attributes": {
            "account_id": 4038255,
            "composite_entity_search_query": "(accountId IN ('4038255')) AND ((id IN ('NDAzODI1NXxCUk9XU0VSfEFQUExJQ0FUSU9OfDUzODUyNzA0Ng'))) AND id != 'NDAzODI1NXxOUjF8V09SS0xPQUR8Mjc5MTA'",
            "description": null,
            "entity_guids": [
              "NDAzODI1NXxCUk9XU0VSfEFQUExJQ0FUSU9OfDUzODUyNzA0Ng"
            ],
            "entity_search_query": [],
            "guid": "NDAzODI1NXxOUjF8V09SS0xPQUR8Mjc5MTA",
            "id": "4038255:27910:NDAzODI1NXxOUjF8V09SS0xPQUR8Mjc5MTA",
            "name": "workload-saloni",
            "permalink": "https://one.eu.newrelic.com/redirect/entity/NDAzODI1NXxOUjF8V09SS0xPQUR8Mjc5MTA",
            "scope_account_ids": [
              4038255
            ],
            "status_config_automatic": [],
            "status_config_static": [],
            "workload_id": 27910
          },
          "sensitive_attributes": [],
          "private": "bnVsbA=="
        }
      ]
    }
  ],
  "check_results": null
}
